
Microsoft Visual Studio Solution File, Format Version 12.00
# Visual Studio Version 16
VisualStudioVersion = 16.0.29519.87
MinimumVisualStudioVersion = 10.0.40219.1
Project("{8BC9CEB8-8B4A-11D0-8D11-00A0C91BC942}") = "adedayo_glory_hw4_OOP(glass)", "adedayo_glory_hw4_OOP(glass)\adedayo_glory_hw4_OOP(glass).vcxproj", "{BDDB215B-3284-4AED-94D8-CC4D854CF177}"
EndProject
Global
	GlobalSection(SolutionConfigurationPlatforms) = preSolution
		Debug|x64 = Debug|x64
		Debug|x86 = Debug|x86
		Release|x64 = Release|x64
		Release|x86 = Release|x86
	EndGlobalSection
	GlobalSection(ProjectConfigurationPlatforms) = postSolution
		{BDDB215B-3284-4AED-94D8-CC4D854CF177}.Debug|x64.ActiveCfg = Debug|x64
		{BDDB215B-3284-4AED-94D8-CC4D854CF177}.Debug|x64.Build.0 = Debug|x64
		{BDDB215B-3284-4AED-94D8-CC4D854CF177}.Debug|x86.ActiveCfg = Debug|Win32
		{BDDB215B-3284-4AED-94D8-CC4D854CF177}.Debug|x86.Build.0 = Debug|Win32
		{BDDB215B-3284-4AED-94D8-CC4D854CF177}.Release|x64.ActiveCfg = Release|x64
		{BDDB215B-3284-4AED-94D8-CC4D854CF177}.Release|x64.Build.0 = Release|x64
		{BDDB215B-3284-4AED-94D8-CC4D854CF177}.Release|x86.ActiveCfg = Release|Win32
		{BDDB215B-3284-4AED-94D8-CC4D854CF177}.Release|x86.Build.0 = Release|Win32
	EndGlobalSection
	GlobalSection(SolutionProperties) = preSolution
		HideSolutionNode = FALSE
	EndGlobalSection
	GlobalSection(ExtensibilityGlobals) = postSolution
		SolutionGuid = {CFE31FE7-073C-416A-9466-765DB4A0C5D5}
	EndGlobalSection
EndGlobal
